
Microsoft Visual Studio Solution File, Format Version 12.00
# Visual Studio Version 17
VisualStudioVersion = 17.14.36908.2
MinimumVisualStudioVersion = 10.0.40219.1
Project("{00D1A9C2-B5F0-4AF3-8072-F6C62B433612}") = "BD", "BD\BD.sqlproj", "{6C035C83-25AA-489A-8309-3141101AFDEB}"
EndProject
Project("{FAE04EC0-301F-11D3-BF4B-00C04F79EFBC}") = "Abstracciones", "Abstracciones\Abstracciones.csproj", "{04F3838D-0926-478B-8157-1DEA811A0E3D}"
EndProject
Project("{FAE04EC0-301F-11D3-BF4B-00C04F79EFBC}") = "DA", "DA\DA.csproj", "{E999D3D6-AC02-4131-A136-3860F69FB143}"
EndProject
Project("{FAE04EC0-301F-11D3-BF4B-00C04F79EFBC}") = "Flujo", "Flujo\Flujo.csproj", "{3F975A67-DD82-4880-B92E-4753756312B1}"
EndProject
Project("{FAE04EC0-301F-11D3-BF4B-00C04F79EFBC}") = "API", "API\API.csproj", "{2D470B5B-E9AB-4165-BE42-1A31A05625E8}"
EndProject
Global
	GlobalSection(SolutionConfigurationPlatforms) = preSolution
		Debug|Any CPU = Debug|Any CPU
		Release|Any CPU = Release|Any CPU
	EndGlobalSection
	GlobalSection(ProjectConfigurationPlatforms) = postSolution
		{6C035C83-25AA-489A-8309-3141101AFDEB}.Debug|Any CPU.ActiveCfg = Debug|Any CPU
		{6C035C83-25AA-489A-8309-3141101AFDEB}.Debug|Any CPU.Build.0 = Debug|Any CPU
		{6C035C83-25AA-489A-8309-3141101AFDEB}.Debug|Any CPU.Deploy.0 = Debug|Any CPU
		{6C035C83-25AA-489A-8309-3141101AFDEB}.Release|Any CPU.ActiveCfg = Release|Any CPU
		{6C035C83-25AA-489A-8309-3141101AFDEB}.Release|Any CPU.Build.0 = Release|Any CPU
		{6C035C83-25AA-489A-8309-3141101AFDEB}.Release|Any CPU.Deploy.0 = Release|Any CPU
		{04F3838D-0926-478B-8157-1DEA811A0E3D}.Debug|Any CPU.ActiveCfg = Debug|Any CPU
		{04F3838D-0926-478B-8157-1DEA811A0E3D}.Debug|Any CPU.Build.0 = Debug|Any CPU
		{04F3838D-0926-478B-8157-1DEA811A0E3D}.Release|Any CPU.ActiveCfg = Release|Any CPU
		{04F3838D-0926-478B-8157-1DEA811A0E3D}.Release|Any CPU.Build.0 = Release|Any CPU
		{E999D3D6-AC02-4131-A136-3860F69FB143}.Debug|Any CPU.ActiveCfg = Debug|Any CPU
		{E999D3D6-AC02-4131-A136-3860F69FB143}.Debug|Any CPU.Build.0 = Debug|Any CPU
		{E999D3D6-AC02-4131-A136-3860F69FB143}.Release|Any CPU.ActiveCfg = Release|Any CPU
		{E999D3D6-AC02-4131-A136-3860F69FB143}.Release|Any CPU.Build.0 = Release|Any CPU
		{3F975A67-DD82-4880-B92E-4753756312B1}.Debug|Any CPU.ActiveCfg = Debug|Any CPU
		{3F975A67-DD82-4880-B92E-4753756312B1}.Debug|Any CPU.Build.0 = Debug|Any CPU
		{3F975A67-DD82-4880-B92E-4753756312B1}.Release|Any CPU.ActiveCfg = Release|Any CPU
		{3F975A67-DD82-4880-B92E-4753756312B1}.Release|Any CPU.Build.0 = Release|Any CPU
		{2D470B5B-E9AB-4165-BE42-1A31A05625E8}.Debug|Any CPU.ActiveCfg = Debug|Any CPU
		{2D470B5B-E9AB-4165-BE42-1A31A05625E8}.Debug|Any CPU.Build.0 = Debug|Any CPU
		{2D470B5B-E9AB-4165-BE42-1A31A05625E8}.Release|Any CPU.ActiveCfg = Release|Any CPU
		{2D470B5B-E9AB-4165-BE42-1A31A05625E8}.Release|Any CPU.Build.0 = Release|Any CPU
	EndGlobalSection
	GlobalSection(SolutionProperties) = preSolution
		HideSolutionNode = FALSE
	EndGlobalSection
	GlobalSection(ExtensibilityGlobals) = postSolution
		SolutionGuid = {0DACD135-E693-42D7-8204-756423F14AD5}
	EndGlobalSection
EndGlobal
